
Microsoft Visual Studio Solution File, Format Version 12.00
# Visual Studio Version 17
VisualStudioVersion = 17.0.31903.59
MinimumVisualStudioVersion = 10.0.40219.1
Project("{2150E333-8FDC-42A3-9474-1A3956D46DE8}") = "src", "src", "{827E0CD3-B72D-47B6-A68D-7590B98EB39B}"
EndProject
Project("{FAE04EC0-301F-11D3-BF4B-00C04F79EFBC}") = "Vittal.Entity", "src\Vittal.Entity\Vittal.Entity.csproj", "{9DF68C15-331A-48C7-8EDD-567565B688F9}"
EndProject
Project("{FAE04EC0-301F-11D3-BF4B-00C04F79EFBC}") = "Vittal.DTO", "src\Vittal.DTO\Vittal.DTO.csproj", "{2F5648FD-D1FA-4AA2-871E-0A8F0DEE2F60}"
EndProject
Project("{FAE04EC0-301F-11D3-BF4B-00C04F79EFBC}") = "Vittal.Utility", "src\Vittal.Utility\Vittal.Utility.csproj", "{0DA041E7-DA64-476F-AF7C-2805F8B849BE}"
EndProject
Project("{FAE04EC0-301F-11D3-BF4B-00C04F79EFBC}") = "Vittal.DAL", "src\Vittal.DAL\Vittal.DAL.csproj", "{54C863E2-EDD1-49E5-9A24-F88556AFA163}"
EndProject
Project("{FAE04EC0-301F-11D3-BF4B-00C04F79EFBC}") = "Vittal.BLL", "src\Vittal.BLL\Vittal.BLL.csproj", "{FE2AB54C-B75A-415B-87F9-082B4973C037}"
EndProject
Project("{FAE04EC0-301F-11D3-BF4B-00C04F79EFBC}") = "Vittal.IOC", "src\Vittal.IOC\Vittal.IOC.csproj", "{D54FBD2E-D673-46CB-A36B-02C60FAD9BC5}"
EndProject
Project("{FAE04EC0-301F-11D3-BF4B-00C04F79EFBC}") = "Vittal.API", "src\Vittal.API\Vittal.API.csproj", "{C7D0140C-95E3-458D-8149-A11D718D2632}"
EndProject
Project("{FAE04EC0-301F-11D3-BF4B-00C04F79EFBC}") = "Vittal.Aplicacion", "src\Vittal.Aplicacion\Vittal.Aplicacion.csproj", "{11C50CFF-34BA-4622-9DE3-2EB9EAF9D1BB}"
EndProject
Project("{FAE04EC0-301F-11D3-BF4B-00C04F79EFBC}") = "Vittal.BLL.Tests", "tests\Vittal.BLL.Tests\Vittal.BLL.Tests.csproj", "{FA489B43-B234-4E46-827D-FB985729C07C}"
EndProject
Project("{FAE04EC0-301F-11D3-BF4B-00C04F79EFBC}") = "Vittal.API.Tests", "tests\Vittal.API.Tests\Vittal.API.Tests.csproj", "{E59C4059-789F-495E-A5CE-12DDB718359F}"
EndProject
Global
	GlobalSection(SolutionConfigurationPlatforms) = preSolution
		Debug|Any CPU = Debug|Any CPU
		Debug|x64 = Debug|x64
		Debug|x86 = Debug|x86
		Release|Any CPU = Release|Any CPU
		Release|x64 = Release|x64
		Release|x86 = Release|x86
	EndGlobalSection
	GlobalSection(ProjectConfigurationPlatforms) = postSolution
		{9DF68C15-331A-48C7-8EDD-567565B688F9}.Debug|Any CPU.ActiveCfg = Debug|Any CPU
		{9DF68C15-331A-48C7-8EDD-567565B688F9}.Debug|Any CPU.Build.0 = Debug|Any CPU
		{9DF68C15-331A-48C7-8EDD-567565B688F9}.Debug|x64.ActiveCfg = Debug|Any CPU
		{9DF68C15-331A-48C7-8EDD-567565B688F9}.Debug|x64.Build.0 = Debug|Any CPU
		{9DF68C15-331A-48C7-8EDD-567565B688F9}.Debug|x86.ActiveCfg = Debug|Any CPU
		{9DF68C15-331A-48C7-8EDD-567565B688F9}.Debug|x86.Build.0 = Debug|Any CPU
		{9DF68C15-331A-48C7-8EDD-567565B688F9}.Release|Any CPU.ActiveCfg = Release|Any CPU
		{9DF68C15-331A-48C7-8EDD-567565B688F9}.Release|Any CPU.Build.0 = Release|Any CPU
		{9DF68C15-331A-48C7-8EDD-567565B688F9}.Release|x64.ActiveCfg = Release|Any CPU
		{9DF68C15-331A-48C7-8EDD-567565B688F9}.Release|x64.Build.0 = Release|Any CPU
		{9DF68C15-331A-48C7-8EDD-567565B688F9}.Release|x86.ActiveCfg = Release|Any CPU
		{9DF68C15-331A-48C7-8EDD-567565B688F9}.Release|x86.Build.0 = Release|Any CPU
		{2F5648FD-D1FA-4AA2-871E-0A8F0DEE2F60}.Debug|Any CPU.ActiveCfg = Debug|Any CPU
		{2F5648FD-D1FA-4AA2-871E-0A8F0DEE2F60}.Debug|Any CPU.Build.0 = Debug|Any CPU
		{2F5648FD-D1FA-4AA2-871E-0A8F0DEE2F60}.Debug|x64.ActiveCfg = Debug|Any CPU
		{2F5648FD-D1FA-4AA2-871E-0A8F0DEE2F60}.Debug|x64.Build.0 = Debug|Any CPU
		{2F5648FD-D1FA-4AA2-871E-0A8F0DEE2F60}.Debug|x86.ActiveCfg = Debug|Any CPU
		{2F5648FD-D1FA-4AA2-871E-0A8F0DEE2F60}.Debug|x86.Build.0 = Debug|Any CPU
		{2F5648FD-D1FA-4AA2-871E-0A8F0DEE2F60}.Release|Any CPU.ActiveCfg = Release|Any CPU
		{2F5648FD-D1FA-4AA2-871E-0A8F0DEE2F60}.Release|Any CPU.Build.0 = Release|Any CPU
		{2F5648FD-D1FA-4AA2-871E-0A8F0DEE2F60}.Release|x64.ActiveCfg = Release|Any CPU
		{2F5648FD-D1FA-4AA2-871E-0A8F0DEE2F60}.Release|x64.Build.0 = Release|Any CPU
		{2F5648FD-D1FA-4AA2-871E-0A8F0DEE2F60}.Release|x86.ActiveCfg = Release|Any CPU
		{2F5648FD-D1FA-4AA2-871E-0A8F0DEE2F60}.Release|x86.Build.0 = Release|Any CPU
		{0DA041E7-DA64-476F-AF7C-2805F8B849BE}.Debug|Any CPU.ActiveCfg = Debug|Any CPU
		{0DA041E7-DA64-476F-AF7C-2805F8B849BE}.Debug|Any CPU.Build.0 = Debug|Any CPU
		{0DA041E7-DA64-476F-AF7C-2805F8B849BE}.Debug|x64.ActiveCfg = Debug|Any CPU
		{0DA041E7-DA64-476F-AF7C-2805F8B849BE}.Debug|x64.Build.0 = Debug|Any CPU
		{0DA041E7-DA64-476F-AF7C-2805F8B849BE}.Debug|x86.ActiveCfg = Debug|Any CPU
		{0DA041E7-DA64-476F-AF7C-2805F8B849BE}.Debug|x86.Build.0 = Debug|Any CPU
		{0DA041E7-DA64-476F-AF7C-2805F8B849BE}.Release|Any CPU.ActiveCfg = Release|Any CPU
		{0DA041E7-DA64-476F-AF7C-2805F8B849BE}.Release|Any CPU.Build.0 = Release|Any CPU
		{0DA041E7-DA64-476F-AF7C-2805F8B849BE}.Release|x64.ActiveCfg = Release|Any CPU
		{0DA041E7-DA64-476F-AF7C-2805F8B849BE}.Release|x64.Build.0 = Release|Any CPU
		{0DA041E7-DA64-476F-AF7C-2805F8B849BE}.Release|x86.ActiveCfg = Release|Any CPU
		{0DA041E7-DA64-476F-AF7C-2805F8B849BE}.Release|x86.Build.0 = Release|Any CPU
		{54C863E2-EDD1-49E5-9A24-F88556AFA163}.Debug|Any CPU.ActiveCfg = Debug|Any CPU
		{54C863E2-EDD1-49E5-9A24-F88556AFA163}.Debug|Any CPU.Build.0 = Debug|Any CPU
		{54C863E2-EDD1-49E5-9A24-F88556AFA163}.Debug|x64.ActiveCfg = Debug|Any CPU
		{54C863E2-EDD1-49E5-9A24-F88556AFA163}.Debug|x64.Build.0 = Debug|Any CPU
		{54C863E2-EDD1-49E5-9A24-F88556AFA163}.Debug|x86.ActiveCfg = Debug|Any CPU
		{54C863E2-EDD1-49E5-9A24-F88556AFA163}.Debug|x86.Build.0 = Debug|Any CPU
		{54C863E2-EDD1-49E5-9A24-F88556AFA163}.Release|Any CPU.ActiveCfg = Release|Any CPU
		{54C863E2-EDD1-49E5-9A24-F88556AFA163}.Release|Any CPU.Build.0 = Release|Any CPU
		{54C863E2-EDD1-49E5-9A24-F88556AFA163}.Release|x64.ActiveCfg = Release|Any CPU
		{54C863E2-EDD1-49E5-9A24-F88556AFA163}.Release|x64.Build.0 = Release|Any CPU
		{54C863E2-EDD1-49E5-9A24-F88556AFA163}.Release|x86.ActiveCfg = Release|Any CPU
		{54C863E2-EDD1-49E5-9A24-F88556AFA163}.Release|x86.Build.0 = Release|Any CPU
		{FE2AB54C-B75A-415B-87F9-082B4973C037}.Debug|Any CPU.ActiveCfg = Debug|Any CPU
		{FE2AB54C-B75A-415B-87F9-082B4973C037}.Debug|Any CPU.Build.0 = Debug|Any CPU
		{FE2AB54C-B75A-415B-87F9-082B4973C037}.Debug|x64.ActiveCfg = Debug|Any CPU
		{FE2AB54C-B75A-415B-87F9-082B4973C037}.Debug|x64.Build.0 = Debug|Any CPU
		{FE2AB54C-B75A-415B-87F9-082B4973C037}.Debug|x86.ActiveCfg = Debug|Any CPU
		{FE2AB54C-B75A-415B-87F9-082B4973C037}.Debug|x86.Build.0 = Debug|Any CPU
		{FE2AB54C-B75A-415B-87F9-082B4973C037}.Release|Any CPU.ActiveCfg = Release|Any CPU
		{FE2AB54C-B75A-415B-87F9-082B4973C037}.Release|Any CPU.Build.0 = Release|Any CPU
		{FE2AB54C-B75A-415B-87F9-082B4973C037}.Release|x64.ActiveCfg = Release|Any CPU
		{FE2AB54C-B75A-415B-87F9-082B4973C037}.Release|x64.Build.0 = Release|Any CPU
		{FE2AB54C-B75A-415B-87F9-082B4973C037}.Release|x86.ActiveCfg = Release|Any CPU
		{FE2AB54C-B75A-415B-87F9-082B4973C037}.Release|x86.Build.0 = Release|Any CPU
		{D54FBD2E-D673-46CB-A36B-02C60FAD9BC5}.Debug|Any CPU.ActiveCfg = Debug|Any CPU
		{D54FBD2E-D673-46CB-A36B-02C60FAD9BC5}.Debug|Any CPU.Build.0 = Debug|Any CPU
		{D54FBD2E-D673-46CB-A36B-02C60FAD9BC5}.Debug|x64.ActiveCfg = Debug|Any CPU
		{D54FBD2E-D673-46CB-A36B-02C60FAD9BC5}.Debug|x64.Build.0 = Debug|Any CPU
		{D54FBD2E-D673-46CB-A36B-02C60FAD9BC5}.Debug|x86.ActiveCfg = Debug|Any CPU
		{D54FBD2E-D673-46CB-A36B-02C60FAD9BC5}.Debug|x86.Build.0 = Debug|Any CPU
		{D54FBD2E-D673-46CB-A36B-02C60FAD9BC5}.Release|Any CPU.ActiveCfg = Release|Any CPU
		{D54FBD2E-D673-46CB-A36B-02C60FAD9BC5}.Release|Any CPU.Build.0 = Release|Any CPU
		{D54FBD2E-D673-46CB-A36B-02C60FAD9BC5}.Release|x64.ActiveCfg = Release|Any CPU
		{D54FBD2E-D673-46CB-A36B-02C60FAD9BC5}.Release|x64.Build.0 = Release|Any CPU
		{D54FBD2E-D673-46CB-A36B-02C60FAD9BC5}.Release|x86.ActiveCfg = Release|Any CPU
		{D54FBD2E-D673-46CB-A36B-02C60FAD9BC5}.Release|x86.Build.0 = Release|Any CPU
		{C7D0140C-95E3-458D-8149-A11D718D2632}.Debug|Any CPU.ActiveCfg = Debug|Any CPU
		{C7D0140C-95E3-458D-8149-A11D718D2632}.Debug|Any CPU.Build.0 = Debug|Any CPU
		{C7D0140C-95E3-458D-8149-A11D718D2632}.Debug|x64.ActiveCfg = Debug|Any CPU
		{C7D0140C-95E3-458D-8149-A11D718D2632}.Debug|x64.Build.0 = Debug|Any CPU
		{C7D0140C-95E3-458D-8149-A11D718D2632}.Debug|x86.ActiveCfg = Debug|Any CPU
		{C7D0140C-95E3-458D-8149-A11D718D2632}.Debug|x86.Build.0 = Debug|Any CPU
		{C7D0140C-95E3-458D-8149-A11D718D2632}.Release|Any CPU.ActiveCfg = Release|Any CPU
		{C7D0140C-95E3-458D-8149-A11D718D2632}.Release|Any CPU.Build.0 = Release|Any CPU
		{C7D0140C-95E3-458D-8149-A11D718D2632}.Release|x64.ActiveCfg = Release|Any CPU
		{C7D0140C-95E3-458D-8149-A11D718D2632}.Release|x64.Build.0 = Release|Any CPU
		{C7D0140C-95E3-458D-8149-A11D718D2632}.Release|x86.ActiveCfg = Release|Any CPU
		{C7D0140C-95E3-458D-8149-A11D718D2632}.Release|x86.Build.0 = Release|Any CPU
		{11C50CFF-34BA-4622-9DE3-2EB9EAF9D1BB}.Debug|Any CPU.ActiveCfg = Debug|Any CPU
		{11C50CFF-34BA-4622-9DE3-2EB9EAF9D1BB}.Debug|Any CPU.Build.0 = Debug|Any CPU
		{11C50CFF-34BA-4622-9DE3-2EB9EAF9D1BB}.Debug|x64.ActiveCfg = Debug|Any CPU
		{11C50CFF-34BA-4622-9DE3-2EB9EAF9D1BB}.Debug|x64.Build.0 = Debug|Any CPU
		{11C50CFF-34BA-4622-9DE3-2EB9EAF9D1BB}.Debug|x86.ActiveCfg = Debug|Any CPU
		{11C50CFF-34BA-4622-9DE3-2EB9EAF9D1BB}.Debug|x86.Build.0 = Debug|Any CPU
		{11C50CFF-34BA-4622-9DE3-2EB9EAF9D1BB}.Release|Any CPU.ActiveCfg = Release|Any CPU
		{11C50CFF-34BA-4622-9DE3-2EB9EAF9D1BB}.Release|Any CPU.Build.0 = Release|Any CPU
		{11C50CFF-34BA-4622-9DE3-2EB9EAF9D1BB}.Release|x64.ActiveCfg = Release|Any CPU
		{11C50CFF-34BA-4622-9DE3-2EB9EAF9D1BB}.Release|x64.Build.0 = Release|Any CPU
		{11C50CFF-34BA-4622-9DE3-2EB9EAF9D1BB}.Release|x86.ActiveCfg = Release|Any CPU
		{11C50CFF-34BA-4622-9DE3-2EB9EAF9D1BB}.Release|x86.Build.0 = Release|Any CPU
		{FA489B43-B234-4E46-827D-FB985729C07C}.Debug|Any CPU.ActiveCfg = Debug|Any CPU
		{FA489B43-B234-4E46-827D-FB985729C07C}.Debug|Any CPU.Build.0 = Debug|Any CPU
		{FA489B43-B234-4E46-827D-FB985729C07C}.Debug|x64.ActiveCfg = Debug|Any CPU
		{FA489B43-B234-4E46-827D-FB985729C07C}.Debug|x64.Build.0 = Debug|Any CPU
		{FA489B43-B234-4E46-827D-FB985729C07C}.Debug|x86.ActiveCfg = Debug|Any CPU
		{FA489B43-B234-4E46-827D-FB985729C07C}.Debug|x86.Build.0 = Debug|Any CPU
		{FA489B43-B234-4E46-827D-FB985729C07C}.Release|Any CPU.ActiveCfg = Release|Any CPU
		{FA489B43-B234-4E46-827D-FB985729C07C}.Release|Any CPU.Build.0 = Release|Any CPU
		{FA489B43-B234-4E46-827D-FB985729C07C}.Release|x64.ActiveCfg = Release|Any CPU
		{FA489B43-B234-4E46-827D-FB985729C07C}.Release|x64.Build.0 = Release|Any CPU
		{FA489B43-B234-4E46-827D-FB985729C07C}.Release|x86.ActiveCfg = Release|Any CPU
		{FA489B43-B234-4E46-827D-FB985729C07C}.Release|x86.Build.0 = Release|Any CPU
		{E59C4059-789F-495E-A5CE-12DDB718359F}.Debug|Any CPU.ActiveCfg = Debug|Any CPU
		{E59C4059-789F-495E-A5CE-12DDB718359F}.Debug|Any CPU.Build.0 = Debug|Any CPU
		{E59C4059-789F-495E-A5CE-12DDB718359F}.Debug|x64.ActiveCfg = Debug|Any CPU
		{E59C4059-789F-495E-A5CE-12DDB718359F}.Debug|x64.Build.0 = Debug|Any CPU
		{E59C4059-789F-495E-A5CE-12DDB718359F}.Debug|x86.ActiveCfg = Debug|Any CPU
		{E59C4059-789F-495E-A5CE-12DDB718359F}.Debug|x86.Build.0 = Debug|Any CPU
		{E59C4059-789F-495E-A5CE-12DDB718359F}.Release|Any CPU.ActiveCfg = Release|Any CPU
		{E59C4059-789F-495E-A5CE-12DDB718359F}.Release|Any CPU.Build.0 = Release|Any CPU
		{E59C4059-789F-495E-A5CE-12DDB718359F}.Release|x64.ActiveCfg = Release|Any CPU
		{E59C4059-789F-495E-A5CE-12DDB718359F}.Release|x64.Build.0 = Release|Any CPU
		{E59C4059-789F-495E-A5CE-12DDB718359F}.Release|x86.ActiveCfg = Release|Any CPU
		{E59C4059-789F-495E-A5CE-12DDB718359F}.Release|x86.Build.0 = Release|Any CPU
	EndGlobalSection
	GlobalSection(SolutionProperties) = preSolution
		HideSolutionNode = FALSE
	EndGlobalSection
	GlobalSection(NestedProjects) = preSolution
		{9DF68C15-331A-48C7-8EDD-567565B688F9} = {827E0CD3-B72D-47B6-A68D-7590B98EB39B}
		{2F5648FD-D1FA-4AA2-871E-0A8F0DEE2F60} = {827E0CD3-B72D-47B6-A68D-7590B98EB39B}
		{0DA041E7-DA64-476F-AF7C-2805F8B849BE} = {827E0CD3-B72D-47B6-A68D-7590B98EB39B}
		{54C863E2-EDD1-49E5-9A24-F88556AFA163} = {827E0CD3-B72D-47B6-A68D-7590B98EB39B}
		{FE2AB54C-B75A-415B-87F9-082B4973C037} = {827E0CD3-B72D-47B6-A68D-7590B98EB39B}
		{D54FBD2E-D673-46CB-A36B-02C60FAD9BC5} = {827E0CD3-B72D-47B6-A68D-7590B98EB39B}
		{C7D0140C-95E3-458D-8149-A11D718D2632} = {827E0CD3-B72D-47B6-A68D-7590B98EB39B}
		{11C50CFF-34BA-4622-9DE3-2EB9EAF9D1BB} = {827E0CD3-B72D-47B6-A68D-7590B98EB39B}
		{FA489B43-B234-4E46-827D-FB985729C07C} = {827E0CD3-B72D-47B6-A68D-7590B98EB39B}
		{E59C4059-789F-495E-A5CE-12DDB718359F} = {827E0CD3-B72D-47B6-A68D-7590B98EB39B}
	EndGlobalSection
EndGlobal
